// !$*UTF8*$!
{
	archiveVersion = 1;
	classes = {
	};
	objectVersion = 46;
	objects = {

/* Begin PBXBuildFile section */
		F872F71016306E0900C814DF /* UIKit.framework in Frameworks */ = {isa = PBXBuildFile; fileRef = F872F70F16306E0900C814DF /* UIKit.framework */; };
		F872F71216306E0900C814DF /* Foundation.framework in Frameworks */ = {isa = PBXBuildFile; fileRef = F872F71116306E0900C814DF /* Foundation.framework */; };
		F872F71416306E0900C814DF /* CoreGraphics.framework in Frameworks */ = {isa = PBXBuildFile; fileRef = F872F71316306E0900C814DF /* CoreGraphics.framework */; };
		F872F71A16306E0900C814DF /* InfoPlist.strings in Resources */ = {isa = PBXBuildFile; fileRef = F872F71816306E0900C814DF /* InfoPlist.strings */; };
		F872F71C16306E0900C814DF /* main.m in Sources */ = {isa = PBXBuildFile; fileRef = F872F71B16306E0900C814DF /* main.m */; };
		F872F72016306E0900C814DF /* nbAppDelegate.m in Sources */ = {isa = PBXBuildFile; fileRef = F872F71F16306E0900C814DF /* nbAppDelegate.m */; };
		F872F72616306E0A00C814DF /* Default-568h@2x.png in Resources */ = {isa = PBXBuildFile; fileRef = F872F72516306E0A00C814DF /* Default-568h@2x.png */; };
		F872F72916306E0A00C814DF /* MainStoryboard_iPhone.storyboard in Resources */ = {isa = PBXBuildFile; fileRef = F872F72716306E0A00C814DF /* MainStoryboard_iPhone.storyboard */; };
		F872F72C16306E0A00C814DF /* MainStoryboard_iPad.storyboard in Resources */ = {isa = PBXBuildFile; fileRef = F872F72A16306E0A00C814DF /* MainStoryboard_iPad.storyboard */; };
		F872F72F16306E0A00C814DF /* nbViewController.m in Sources */ = {isa = PBXBuildFile; fileRef = F872F72E16306E0A00C814DF /* nbViewController.m */; };
		F872F73716306F4C00C814DF /* Default.png in Resources */ = {isa = PBXBuildFile; fileRef = F872F73516306F4C00C814DF /* Default.png */; };
		F872F73816306F4C00C814DF /* Default@2x.png in Resources */ = {isa = PBXBuildFile; fileRef = F872F73616306F4C00C814DF /* Default@2x.png */; };
		F872F73B16307E7F00C814DF /* glyphicons_017_music.png in Resources */ = {isa = PBXBuildFile; fileRef = F872F73916307E7F00C814DF /* glyphicons_017_music.png */; };
		F872F73C16307E7F00C814DF /* glyphicons_018_note.png in Resources */ = {isa = PBXBuildFile; fileRef = F872F73A16307E7F00C814DF /* glyphicons_018_note.png */; };
		F872F74916308AE400C814DF /* nbSkeletonModel.m in Sources */ = {isa = PBXBuildFile; fileRef = F872F74816308AE400C814DF /* nbSkeletonModel.m */; };
		F872F76616308ED800C814DF /* nbSkeletonTableViewController.m in Sources */ = {isa = PBXBuildFile; fileRef = F872F76516308ED800C814DF /* nbSkeletonTableViewController.m */; };
		F872F76C1630A75C00C814DF /* nbRecorderViewController.m in Sources */ = {isa = PBXBuildFile; fileRef = F872F76B1630A75C00C814DF /* nbRecorderViewController.m */; };
		F872F76F1630A88D00C814DF /* green_button.png in Resources */ = {isa = PBXBuildFile; fileRef = F872F76D1630A88D00C814DF /* green_button.png */; };
		F872F7701630A88D00C814DF /* red_button.png in Resources */ = {isa = PBXBuildFile; fileRef = F872F76E1630A88D00C814DF /* red_button.png */; };
		F872F7721630B4E600C814DF /* oscilloscope.png in Resources */ = {isa = PBXBuildFile; fileRef = F872F7711630B4E600C814DF /* oscilloscope.png */; };
		F872F7B31631538600C814DF /* SNFCoreAudioUtils.c in Sources */ = {isa = PBXBuildFile; fileRef = F872F7AF1631538600C814DF /* SNFCoreAudioUtils.c */; };
		F872F7B41631538600C814DF /* TPCircularBuffer.c in Sources */ = {isa = PBXBuildFile; fileRef = F872F7B11631538600C814DF /* TPCircularBuffer.c */; };
		F872F7B7163153CB00C814DF /* MixerHostAudio.m in Sources */ = {isa = PBXBuildFile; fileRef = F872F7B6163153CB00C814DF /* MixerHostAudio.m */; };
		F872F7BB1631556600C814DF /* AudioToolbox.framework in Frameworks */ = {isa = PBXBuildFile; fileRef = F872F7B81631556600C814DF /* AudioToolbox.framework */; };
		F872F7BF163155D300C814DF /* AVFoundation.framework in Frameworks */ = {isa = PBXBuildFile; fileRef = F872F7BE163155D300C814DF /* AVFoundation.framework */; };
		F872F7C11631561B00C814DF /* CoreMIDI.framework in Frameworks */ = {isa = PBXBuildFile; fileRef = F872F7C01631561B00C814DF /* CoreMIDI.framework */; };
		F872F7C31631566400C814DF /* Accelerate.framework in Frameworks */ = {isa = PBXBuildFile; fileRef = F872F7C21631566300C814DF /* Accelerate.framework */; };
		F872F7C51631568D00C814DF /* smbPitchShift.m in Sources */ = {isa = PBXBuildFile; fileRef = F872F7C41631568C00C814DF /* smbPitchShift.m */; };
		F872F7EE1632FA4B00C814DF /* acid00-0.mp3 in Resources */ = {isa = PBXBuildFile; fileRef = F872F7D61632FA4B00C814DF /* acid00-0.mp3 */; };
		F872F7EF1632FA4B00C814DF /* acid00-1.mp3 in Resources */ = {isa = PBXBuildFile; fileRef = F872F7D71632FA4B00C814DF /* acid00-1.mp3 */; };
		F872F7F01632FA4B00C814DF /* acid00-2.mp3 in Resources */ = {isa = PBXBuildFile; fileRef = F872F7D81632FA4B00C814DF /* acid00-2.mp3 */; };
		F872F7F11632FA4B00C814DF /* acid00-3.mp3 in Resources */ = {isa = PBXBuildFile; fileRef = F872F7D91632FA4B00C814DF /* acid00-3.mp3 */; };
		F872F7F21632FA4B00C814DF /* blues00-0.mp3 in Resources */ = {isa = PBXBuildFile; fileRef = F872F7DA1632FA4B00C814DF /* blues00-0.mp3 */; };
		F872F7F31632FA4B00C814DF /* blues00-1.mp3 in Resources */ = {isa = PBXBuildFile; fileRef = F872F7DB1632FA4B00C814DF /* blues00-1.mp3 */; };
		F872F7F41632FA4B00C814DF /* blues00-2.mp3 in Resources */ = {isa = PBXBuildFile; fileRef = F872F7DC1632FA4B00C814DF /* blues00-2.mp3 */; };
		F872F7F51632FA4B00C814DF /* blues00-3.mp3 in Resources */ = {isa = PBXBuildFile; fileRef = F872F7DD1632FA4B00C814DF /* blues00-3.mp3 */; };
		F872F7F61632FA4B00C814DF /* meihana00-0.mp3 in Resources */ = {isa = PBXBuildFile; fileRef = F872F7DE1632FA4B00C814DF /* meihana00-0.mp3 */; };
		F872F7F71632FA4B00C814DF /* meihana00-1.wav in Resources */ = {isa = PBXBuildFile; fileRef = F872F7DF1632FA4B00C814DF /* meihana00-1.wav */; };
		F872F7F81632FA4B00C814DF /* meihana00-2.wav in Resources */ = {isa = PBXBuildFile; fileRef = F872F7E01632FA4B00C814DF /* meihana00-2.wav */; };
		F872F7F91632FA4B00C814DF /* meihana00-3.wav in Resources */ = {isa = PBXBuildFile; fileRef = F872F7E11632FA4B00C814DF /* meihana00-3.wav */; };
		F872F7FA1632FA4B00C814DF /* rap01-0.mp3 in Resources */ = {isa = PBXBuildFile; fileRef = F872F7E21632FA4B00C814DF /* rap01-0.mp3 */; };
		F872F7FB1632FA4B00C814DF /* rap01-1.mp3 in Resources */ = {isa = PBXBuildFile; fileRef = F872F7E31632FA4B00C814DF /* rap01-1.mp3 */; };
		F872F7FC1632FA4B00C814DF /* rap01-2.mp3 in Resources */ = {isa = PBXBuildFile; fileRef = F872F7E41632FA4B00C814DF /* rap01-2.mp3 */; };
		F872F7FD1632FA4B00C814DF /* rap01-3.mp3 in Resources */ = {isa = PBXBuildFile; fileRef = F872F7E51632FA4B00C814DF /* rap01-3.mp3 */; };
		F872F7FE1632FA4B00C814DF /* rap02-0.mp3 in Resources */ = {isa = PBXBuildFile; fileRef = F872F7E61632FA4B00C814DF /* rap02-0.mp3 */; };
		F872F7FF1632FA4B00C814DF /* rap02-1.mp3 in Resources */ = {isa = PBXBuildFile; fileRef = F872F7E71632FA4B00C814DF /* rap02-1.mp3 */; };
		F872F8001632FA4B00C814DF /* rap02-2.mp3 in Resources */ = {isa = PBXBuildFile; fileRef = F872F7E81632FA4B00C814DF /* rap02-2.mp3 */; };
		F872F8011632FA4B00C814DF /* rap02-3.mp3 in Resources */ = {isa = PBXBuildFile; fileRef = F872F7E91632FA4B00C814DF /* rap02-3.mp3 */; };
		F872F8021632FA4B00C814DF /* rap03-0.mp3 in Resources */ = {isa = PBXBuildFile; fileRef = F872F7EA1632FA4B00C814DF /* rap03-0.mp3 */; };
		F872F8031632FA4B00C814DF /* rap03-1.mp3 in Resources */ = {isa = PBXBuildFile; fileRef = F872F7EB1632FA4B00C814DF /* rap03-1.mp3 */; };
		F872F8041632FA4B00C814DF /* rap03-2.mp3 in Resources */ = {isa = PBXBuildFile; fileRef = F872F7EC1632FA4B00C814DF /* rap03-2.mp3 */; };
		F872F8051632FA4B00C814DF /* rap03-3.mp3 in Resources */ = {isa = PBXBuildFile; fileRef = F872F7ED1632FA4B00C814DF /* rap03-3.mp3 */; };
/* End PBXBuildFile section */

/* Begin PBXFileReference section */
		F872F70B16306E0900C814DF /* nb-proto1.app */ = {isa = PBXFileReference; explicitFileType = wrapper.application; includeInIndex = 0; path = "nb-proto1.app"; sourceTree = BUILT_PRODUCTS_DIR; };
		F872F70F16306E0900C814DF /* UIKit.framework */ = {isa = PBXFileReference; lastKnownFileType = wrapper.framework; name = UIKit.framework; path = System/Library/Frameworks/UIKit.framework; sourceTree = SDKROOT; };
		F872F71116306E0900C814DF /* Foundation.framework */ = {isa = PBXFileReference; lastKnownFileType = wrapper.framework; name = Foundation.framework; path = System/Library/Frameworks/Foundation.framework; sourceTree = SDKROOT; };
		F872F71316306E0900C814DF /* CoreGraphics.framework */ = {isa = PBXFileReference; lastKnownFileType = wrapper.framework; name = CoreGraphics.framework; path = System/Library/Frameworks/CoreGraphics.framework; sourceTree = SDKROOT; };
		F872F71716306E0900C814DF /* nb-proto1-Info.plist */ = {isa = PBXFileReference; lastKnownFileType = text.plist.xml; path = "nb-proto1-Info.plist"; sourceTree = "<group>"; };
		F872F71916306E0900C814DF /* en */ = {isa = PBXFileReference; lastKnownFileType = text.plist.strings; name = en; path = en.lproj/InfoPlist.strings; sourceTree = "<group>"; };
		F872F71B16306E0900C814DF /* main.m */ = {isa = PBXFileReference; lastKnownFileType = sourcecode.c.objc; path = main.m; sourceTree = "<group>"; };
		F872F71D16306E0900C814DF /* nb-proto1-Prefix.pch */ = {isa = PBXFileReference; lastKnownFileType = sourcecode.c.h; path = "nb-proto1-Prefix.pch"; sourceTree = "<group>"; };
		F872F71E16306E0900C814DF /* nbAppDelegate.h */ = {isa = PBXFileReference; lastKnownFileType = sourcecode.c.h; path = nbAppDelegate.h; sourceTree = "<group>"; };
		F872F71F16306E0900C814DF /* nbAppDelegate.m */ = {isa = PBXFileReference; lastKnownFileType = sourcecode.c.objc; path = nbAppDelegate.m; sourceTree = "<group>"; };
		F872F72516306E0A00C814DF /* Default-568h@2x.png */ = {isa = PBXFileReference; lastKnownFileType = image.png; path = "Default-568h@2x.png"; sourceTree = "<group>"; };
		F872F72816306E0A00C814DF /* en */ = {isa = PBXFileReference; lastKnownFileType = file.storyboard; name = en; path = en.lproj/MainStoryboard_iPhone.storyboard; sourceTree = "<group>"; };
		F872F72B16306E0A00C814DF /* en */ = {isa = PBXFileReference; lastKnownFileType = file.storyboard; name = en; path = en.lproj/MainStoryboard_iPad.storyboard; sourceTree = "<group>"; };
		F872F72D16306E0A00C814DF /* nbViewController.h */ = {isa = PBXFileReference; lastKnownFileType = sourcecode.c.h; path = nbViewController.h; sourceTree = "<group>"; };
		F872F72E16306E0A00C814DF /* nbViewController.m */ = {isa = PBXFileReference; lastKnownFileType = sourcecode.c.objc; path = nbViewController.m; sourceTree = "<group>"; };
		F872F73516306F4C00C814DF /* Default.png */ = {isa = PBXFileReference; lastKnownFileType = image.png; path = Default.png; sourceTree = "<group>"; };
		F872F73616306F4C00C814DF /* Default@2x.png */ = {isa = PBXFileReference; lastKnownFileType = image.png; path = "Default@2x.png"; sourceTree = "<group>"; };
		F872F73916307E7F00C814DF /* glyphicons_017_music.png */ = {isa = PBXFileReference; lastKnownFileType = image.png; path = glyphicons_017_music.png; sourceTree = "<group>"; };
		F872F73A16307E7F00C814DF /* glyphicons_018_note.png */ = {isa = PBXFileReference; lastKnownFileType = image.png; path = glyphicons_018_note.png; sourceTree = "<group>"; };
		F872F74716308AE400C814DF /* nbSkeletonModel.h */ = {isa = PBXFileReference; fileEncoding = 4; lastKnownFileType = sourcecode.c.h; path = nbSkeletonModel.h; sourceTree = "<group>"; };
		F872F74816308AE400C814DF /* nbSkeletonModel.m */ = {isa = PBXFileReference; fileEncoding = 4; lastKnownFileType = sourcecode.c.objc; path = nbSkeletonModel.m; sourceTree = "<group>"; };
		F872F76416308ED800C814DF /* nbSkeletonTableViewController.h */ = {isa = PBXFileReference; fileEncoding = 4; lastKnownFileType = sourcecode.c.h; path = nbSkeletonTableViewController.h; sourceTree = "<group>"; };
		F872F76516308ED800C814DF /* nbSkeletonTableViewController.m */ = {isa = PBXFileReference; fileEncoding = 4; lastKnownFileType = sourcecode.c.objc; path = nbSkeletonTableViewController.m; sourceTree = "<group>"; };
		F872F76A1630A75C00C814DF /* nbRecorderViewController.h */ = {isa = PBXFileReference; fileEncoding = 4; lastKnownFileType = sourcecode.c.h; path = nbRecorderViewController.h; sourceTree = "<group>"; };
		F872F76B1630A75C00C814DF /* nbRecorderViewController.m */ = {isa = PBXFileReference; fileEncoding = 4; lastKnownFileType = sourcecode.c.objc; path = nbRecorderViewController.m; sourceTree = "<group>"; };
		F872F76D1630A88D00C814DF /* green_button.png */ = {isa = PBXFileReference; lastKnownFileType = image.png; path = green_button.png; sourceTree = "<group>"; };
		F872F76E1630A88D00C814DF /* red_button.png */ = {isa = PBXFileReference; lastKnownFileType = image.png; path = red_button.png; sourceTree = "<group>"; };
		F872F7711630B4E600C814DF /* oscilloscope.png */ = {isa = PBXFileReference; lastKnownFileType = image.png; path = oscilloscope.png; sourceTree = "<group>"; };
		F872F7AF1631538600C814DF /* SNFCoreAudioUtils.c */ = {isa = PBXFileReference; fileEncoding = 4; lastKnownFileType = sourcecode.c.c; path = SNFCoreAudioUtils.c; sourceTree = "<group>"; };
		F872F7B01631538600C814DF /* SNFCoreAudioUtils.h */ = {isa = PBXFileReference; fileEncoding = 4; lastKnownFileType = sourcecode.c.h; path = SNFCoreAudioUtils.h; sourceTree = "<group>"; };
		F872F7B11631538600C814DF /* TPCircularBuffer.c */ = {isa = PBXFileReference; fileEncoding = 4; lastKnownFileType = sourcecode.c.c; path = TPCircularBuffer.c; sourceTree = "<group>"; };
		F872F7B21631538600C814DF /* TPCircularBuffer.h */ = {isa = PBXFileReference; fileEncoding = 4; lastKnownFileType = sourcecode.c.h; path = TPCircularBuffer.h; sourceTree = "<group>"; };
		F872F7B5163153CB00C814DF /* MixerHostAudio.h */ = {isa = PBXFileReference; fileEncoding = 4; lastKnownFileType = sourcecode.c.h; path = MixerHostAudio.h; sourceTree = "<group>"; };
		F872F7B6163153CB00C814DF /* MixerHostAudio.m */ = {isa = PBXFileReference; fileEncoding = 4; lastKnownFileType = sourcecode.c.objc; path = MixerHostAudio.m; sourceTree = "<group>"; };
		F872F7B81631556600C814DF /* AudioToolbox.framework */ = {isa = PBXFileReference; lastKnownFileType = wrapper.framework; name = AudioToolbox.framework; path = System/Library/Frameworks/AudioToolbox.framework; sourceTree = SDKROOT; };
		F872F7BE163155D300C814DF /* AVFoundation.framework */ = {isa = PBXFileReference; lastKnownFileType = wrapper.framework; name = AVFoundation.framework; path = System/Library/Frameworks/AVFoundation.framework; sourceTree = SDKROOT; };
		F872F7C01631561B00C814DF /* CoreMIDI.framework */ = {isa = PBXFileReference; lastKnownFileType = wrapper.framework; name = CoreMIDI.framework; path = System/Library/Frameworks/CoreMIDI.framework; sourceTree = SDKROOT; };
		F872F7C21631566300C814DF /* Accelerate.framework */ = {isa = PBXFileReference; lastKnownFileType = wrapper.framework; name = Accelerate.framework; path = System/Library/Frameworks/Accelerate.framework; sourceTree = SDKROOT; };
		F872F7C41631568C00C814DF /* smbPitchShift.m */ = {isa = PBXFileReference; fileEncoding = 4; lastKnownFileType = sourcecode.c.objc; path = smbPitchShift.m; sourceTree = "<group>"; };
		F872F7D61632FA4B00C814DF /* acid00-0.mp3 */ = {isa = PBXFileReference; lastKnownFileType = audio.mp3; name = "acid00-0.mp3"; path = "../../samples/final/acid00-0.mp3"; sourceTree = "<group>"; };
		F872F7D71632FA4B00C814DF /* acid00-1.mp3 */ = {isa = PBXFileReference; lastKnownFileType = audio.mp3; name = "acid00-1.mp3"; path = "../../samples/final/acid00-1.mp3"; sourceTree = "<group>"; };
		F872F7D81632FA4B00C814DF /* acid00-2.mp3 */ = {isa = PBXFileReference; lastKnownFileType = audio.mp3; name = "acid00-2.mp3"; path = "../../samples/final/acid00-2.mp3"; sourceTree = "<group>"; };
		F872F7D91632FA4B00C814DF /* acid00-3.mp3 */ = {isa = PBXFileReference; lastKnownFileType = audio.mp3; name = "acid00-3.mp3"; path = "../../samples/final/acid00-3.mp3"; sourceTree = "<group>"; };
		F872F7DA1632FA4B00C814DF /* blues00-0.mp3 */ = {isa = PBXFileReference; lastKnownFileType = audio.mp3; name = "blues00-0.mp3"; path = "../../samples/final/blues00-0.mp3"; sourceTree = "<group>"; };
		F872F7DB1632FA4B00C814DF /* blues00-1.mp3 */ = {isa = PBXFileReference; lastKnownFileType = audio.mp3; name = "blues00-1.mp3"; path = "../../samples/final/blues00-1.mp3"; sourceTree = "<group>"; };
		F872F7DC1632FA4B00C814DF /* blues00-2.mp3 */ = {isa = PBXFileReference; lastKnownFileType = audio.mp3; name = "blues00-2.mp3"; path = "../../samples/final/blues00-2.mp3"; sourceTree = "<group>"; };
		F872F7DD1632FA4B00C814DF /* blues00-3.mp3 */ = {isa = PBXFileReference; lastKnownFileType = audio.mp3; name = "blues00-3.mp3"; path = "../../samples/final/blues00-3.mp3"; sourceTree = "<group>"; };
		F872F7DE1632FA4B00C814DF /* meihana00-0.mp3 */ = {isa = PBXFileReference; lastKnownFileType = audio.mp3; name = "meihana00-0.mp3"; path = "../../samples/final/meihana00-0.mp3"; sourceTree = "<group>"; };
		F872F7DF1632FA4B00C814DF /* meihana00-1.wav */ = {isa = PBXFileReference; lastKnownFileType = audio.wav; name = "meihana00-1.wav"; path = "../../samples/final/meihana00-1.wav"; sourceTree = "<group>"; };
		F872F7E01632FA4B00C814DF /* meihana00-2.wav */ = {isa = PBXFileReference; lastKnownFileType = audio.wav; name = "meihana00-2.wav"; path = "../../samples/final/meihana00-2.wav"; sourceTree = "<group>"; };
		F872F7E11632FA4B00C814DF /* meihana00-3.wav */ = {isa = PBXFileReference; lastKnownFileType = audio.wav; name = "meihana00-3.wav"; path = "../../samples/final/meihana00-3.wav"; sourceTree = "<group>"; };
		F872F7E21632FA4B00C814DF /* rap01-0.mp3 */ = {isa = PBXFileReference; lastKnownFileType = audio.mp3; name = "rap01-0.mp3"; path = "../../samples/final/rap01-0.mp3"; sourceTree = "<group>"; };
		F872F7E31632FA4B00C814DF /* rap01-1.mp3 */ = {isa = PBXFileReference; lastKnownFileType = audio.mp3; name = "rap01-1.mp3"; path = "../../samples/final/rap01-1.mp3"; sourceTree = "<group>"; };
		F872F7E41632FA4B00C814DF /* rap01-2.mp3 */ = {isa = PBXFileReference; lastKnownFileType = audio.mp3; name = "rap01-2.mp3"; path = "../../samples/final/rap01-2.mp3"; sourceTree = "<group>"; };
		F872F7E51632FA4B00C814DF /* rap01-3.mp3 */ = {isa = PBXFileReference; lastKnownFileType = audio.mp3; name = "rap01-3.mp3"; path = "../../samples/final/rap01-3.mp3"; sourceTree = "<group>"; };
		F872F7E61632FA4B00C814DF /* rap02-0.mp3 */ = {isa = PBXFileReference; lastKnownFileType = audio.mp3; name = "rap02-0.mp3"; path = "../../samples/final/rap02-0.mp3"; sourceTree = "<group>"; };
		F872F7E71632FA4B00C814DF /* rap02-1.mp3 */ = {isa = PBXFileReference; lastKnownFileType = audio.mp3; name = "rap02-1.mp3"; path = "../../samples/final/rap02-1.mp3"; sourceTree = "<group>"; };
		F872F7E81632FA4B00C814DF /* rap02-2.mp3 */ = {isa = PBXFileReference; lastKnownFileType = audio.mp3; name = "rap02-2.mp3"; path = "../../samples/final/rap02-2.mp3"; sourceTree = "<group>"; };
		F872F7E91632FA4B00C814DF /* rap02-3.mp3 */ = {isa = PBXFileReference; lastKnownFileType = audio.mp3; name = "rap02-3.mp3"; path = "../../samples/final/rap02-3.mp3"; sourceTree = "<group>"; };
		F872F7EA1632FA4B00C814DF /* rap03-0.mp3 */ = {isa = PBXFileReference; lastKnownFileType = audio.mp3; name = "rap03-0.mp3"; path = "../../samples/final/rap03-0.mp3"; sourceTree = "<group>"; };
		F872F7EB1632FA4B00C814DF /* rap03-1.mp3 */ = {isa = PBXFileReference; lastKnownFileType = audio.mp3; name = "rap03-1.mp3"; path = "../../samples/final/rap03-1.mp3"; sourceTree = "<group>"; };
		F872F7EC1632FA4B00C814DF /* rap03-2.mp3 */ = {isa = PBXFileReference; lastKnownFileType = audio.mp3; name = "rap03-2.mp3"; path = "../../samples/final/rap03-2.mp3"; sourceTree = "<group>"; };
		F872F7ED1632FA4B00C814DF /* rap03-3.mp3 */ = {isa = PBXFileReference; lastKnownFileType = audio.mp3; name = "rap03-3.mp3"; path = "../../samples/final/rap03-3.mp3"; sourceTree = "<group>"; };
/* End PBXFileReference section */

/* Begin PBXFrameworksBuildPhase section */
		F872F70816306E0900C814DF /* Frameworks */ = {
			isa = PBXFrameworksBuildPhase;
			buildActionMask = 2147483647;
			files = (
				F872F7C31631566400C814DF /* Accelerate.framework in Frameworks */,
				F872F7C11631561B00C814DF /* CoreMIDI.framework in Frameworks */,
				F872F7BF163155D300C814DF /* AVFoundation.framework in Frameworks */,
				F872F7BB1631556600C814DF /* AudioToolbox.framework in Frameworks */,
				F872F71016306E0900C814DF /* UIKit.framework in Frameworks */,
				F872F71216306E0900C814DF /* Foundation.framework in Frameworks */,
				F872F71416306E0900C814DF /* CoreGraphics.framework in Frameworks */,
			);
			runOnlyForDeploymentPostprocessing = 0;
		};
/* End PBXFrameworksBuildPhase section */

/* Begin PBXGroup section */
		F872F70016306E0900C814DF = {
			isa = PBXGroup;
			children = (
				F872F71516306E0900C814DF /* nb-proto1 */,
				F872F70E16306E0900C814DF /* Frameworks */,
				F872F70C16306E0900C814DF /* Products */,
			);
			sourceTree = "<group>";
		};
		F872F70C16306E0900C814DF /* Products */ = {
			isa = PBXGroup;
			children = (
				F872F70B16306E0900C814DF /* nb-proto1.app */,
			);
			name = Products;
			sourceTree = "<group>";
		};
		F872F70E16306E0900C814DF /* Frameworks */ = {
			isa = PBXGroup;
			children = (
				F872F7C21631566300C814DF /* Accelerate.framework */,
				F872F7C01631561B00C814DF /* CoreMIDI.framework */,
				F872F7BE163155D300C814DF /* AVFoundation.framework */,
				F872F7B81631556600C814DF /* AudioToolbox.framework */,
				F872F70F16306E0900C814DF /* UIKit.framework */,
				F872F71116306E0900C814DF /* Foundation.framework */,
				F872F71316306E0900C814DF /* CoreGraphics.framework */,
			);
			name = Frameworks;
			sourceTree = "<group>";
		};
		F872F71516306E0900C814DF /* nb-proto1 */ = {
			isa = PBXGroup;
			children = (
				F872F7AE1631535500C814DF /* Sound */,
				F872F76316308D8A00C814DF /* Resources */,
				F872F74616308AA900C814DF /* Model */,
				F872F7441630886C00C814DF /* GUI */,
				F872F71616306E0900C814DF /* Supporting Files */,
			);
			path = "nb-proto1";
			sourceTree = "<group>";
		};
		F872F71616306E0900C814DF /* Supporting Files */ = {
			isa = PBXGroup;
			children = (
				F872F7451630891A00C814DF /* icons */,
				F872F71716306E0900C814DF /* nb-proto1-Info.plist */,
				F872F71816306E0900C814DF /* InfoPlist.strings */,
				F872F71B16306E0900C814DF /* main.m */,
				F872F71D16306E0900C814DF /* nb-proto1-Prefix.pch */,
			);
			name = "Supporting Files";
			sourceTree = "<group>";
		};
		F872F7441630886C00C814DF /* GUI */ = {
			isa = PBXGroup;
			children = (
				F872F71E16306E0900C814DF /* nbAppDelegate.h */,
				F872F71F16306E0900C814DF /* nbAppDelegate.m */,
				F872F72716306E0A00C814DF /* MainStoryboard_iPhone.storyboard */,
				F872F72A16306E0A00C814DF /* MainStoryboard_iPad.storyboard */,
				F872F72D16306E0A00C814DF /* nbViewController.h */,
				F872F72E16306E0A00C814DF /* nbViewController.m */,
				F872F76416308ED800C814DF /* nbSkeletonTableViewController.h */,
				F872F76516308ED800C814DF /* nbSkeletonTableViewController.m */,
				F872F76A1630A75C00C814DF /* nbRecorderViewController.h */,
				F872F76B1630A75C00C814DF /* nbRecorderViewController.m */,
			);
			name = GUI;
			sourceTree = "<group>";
		};
		F872F7451630891A00C814DF /* icons */ = {
			isa = PBXGroup;
			children = (
				F872F7711630B4E600C814DF /* oscilloscope.png */,
				F872F76D1630A88D00C814DF /* green_button.png */,
				F872F76E1630A88D00C814DF /* red_button.png */,
				F872F73916307E7F00C814DF /* glyphicons_017_music.png */,
				F872F73A16307E7F00C814DF /* glyphicons_018_note.png */,
				F872F73516306F4C00C814DF /* Default.png */,
				F872F73616306F4C00C814DF /* Default@2x.png */,
				F872F72516306E0A00C814DF /* Default-568h@2x.png */,
			);
			name = icons;
			sourceTree = "<group>";
		};
		F872F74616308AA900C814DF /* Model */ = {
			isa = PBXGroup;
			children = (
				F872F74716308AE400C814DF /* nbSkeletonModel.h */,
				F872F74816308AE400C814DF /* nbSkeletonModel.m */,
			);
			name = Model;
			sourceTree = "<group>";
		};
		F872F74A16308D4600C814DF /* samples */ = {
			isa = PBXGroup;
			children = (
				F872F7D61632FA4B00C814DF /* acid00-0.mp3 */,
				F872F7D71632FA4B00C814DF /* acid00-1.mp3 */,
				F872F7D81632FA4B00C814DF /* acid00-2.mp3 */,
				F872F7D91632FA4B00C814DF /* acid00-3.mp3 */,
				F872F7DA1632FA4B00C814DF /* blues00-0.mp3 */,
				F872F7DB1632FA4B00C814DF /* blues00-1.mp3 */,
				F872F7DC1632FA4B00C814DF /* blues00-2.mp3 */,
				F872F7DD1632FA4B00C814DF /* blues00-3.mp3 */,
				F872F7DE1632FA4B00C814DF /* meihana00-0.mp3 */,
				F872F7DF1632FA4B00C814DF /* meihana00-1.wav */,
				F872F7E01632FA4B00C814DF /* meihana00-2.wav */,
				F872F7E11632FA4B00C814DF /* meihana00-3.wav */,
				F872F7E21632FA4B00C814DF /* rap01-0.mp3 */,
				F872F7E31632FA4B00C814DF /* rap01-1.mp3 */,
				F872F7E41632FA4B00C814DF /* rap01-2.mp3 */,
				F872F7E51632FA4B00C814DF /* rap01-3.mp3 */,
				F872F7E61632FA4B00C814DF /* rap02-0.mp3 */,
				F872F7E71632FA4B00C814DF /* rap02-1.mp3 */,
				F872F7E81632FA4B00C814DF /* rap02-2.mp3 */,
				F872F7E91632FA4B00C814DF /* rap02-3.mp3 */,
				F872F7EA1632FA4B00C814DF /* rap03-0.mp3 */,
				F872F7EB1632FA4B00C814DF /* rap03-1.mp3 */,
				F872F7EC1632FA4B00C814DF /* rap03-2.mp3 */,
				F872F7ED1632FA4B00C814DF /* rap03-3.mp3 */,
			);
			name = samples;
			sourceTree = "<group>";
		};
		F872F76316308D8A00C814DF /* Resources */ = {
			isa = PBXGroup;
			children = (
				F872F74A16308D4600C814DF /* samples */,
			);
			name = Resources;
			sourceTree = "<group>";
		};
		F872F7AE1631535500C814DF /* Sound */ = {
			isa = PBXGroup;
			children = (
				F872F7C41631568C00C814DF /* smbPitchShift.m */,
				F872F7B5163153CB00C814DF /* MixerHostAudio.h */,
				F872F7B6163153CB00C814DF /* MixerHostAudio.m */,
				F872F7AF1631538600C814DF /* SNFCoreAudioUtils.c */,
				F872F7B01631538600C814DF /* SNFCoreAudioUtils.h */,
				F872F7B11631538600C814DF /* TPCircularBuffer.c */,
				F872F7B21631538600C814DF /* TPCircularBuffer.h */,
			);
			name = Sound;
			sourceTree = "<group>";
		};
/* End PBXGroup section */

/* Begin PBXNativeTarget section */
		F872F70A16306E0900C814DF /* nb-proto1 */ = {
			isa = PBXNativeTarget;
			buildConfigurationList = F872F73216306E0A00C814DF /* Build configuration list for PBXNativeTarget "nb-proto1" */;
			buildPhases = (
				F872F70716306E0900C814DF /* Sources */,
				F872F70816306E0900C814DF /* Frameworks */,
				F872F70916306E0900C814DF /* Resources */,
			);
			buildRules = (
			);
			dependencies = (
			);
			name = "nb-proto1";
			productName = "nb-proto1";
			productReference = F872F70B16306E0900C814DF /* nb-proto1.app */;
			productType = "com.apple.product-type.application";
		};
/* End PBXNativeTarget section */

/* Begin PBXProject section */
		F872F70216306E0900C814DF /* Project object */ = {
			isa = PBXProject;
			attributes = {
				CLASSPREFIX = nb;
				LastUpgradeCheck = 0450;
				ORGANIZATIONNAME = "Anton Antich";
			};
			buildConfigurationList = F872F70516306E0900C814DF /* Build configuration list for PBXProject "nb-proto1" */;
			compatibilityVersion = "Xcode 3.2";
			developmentRegion = English;
			hasScannedForEncodings = 0;
			knownRegions = (
				en,
			);
			mainGroup = F872F70016306E0900C814DF;
			productRefGroup = F872F70C16306E0900C814DF /* Products */;
			projectDirPath = "";
			projectRoot = "";
			targets = (
				F872F70A16306E0900C814DF /* nb-proto1 */,
			);
		};
/* End PBXProject section */

/* Begin PBXResourcesBuildPhase section */
		F872F70916306E0900C814DF /* Resources */ = {
			isa = PBXResourcesBuildPhase;
			buildActionMask = 2147483647;
			files = (
				F872F71A16306E0900C814DF /* InfoPlist.strings in Resources */,
				F872F72616306E0A00C814DF /* Default-568h@2x.png in Resources */,
				F872F72916306E0A00C814DF /* MainStoryboard_iPhone.storyboard in Resources */,
				F872F72C16306E0A00C814DF /* MainStoryboard_iPad.storyboard in Resources */,
				F872F73716306F4C00C814DF /* Default.png in Resources */,
				F872F73816306F4C00C814DF /* Default@2x.png in Resources */,
				F872F73B16307E7F00C814DF /* glyphicons_017_music.png in Resources */,
				F872F73C16307E7F00C814DF /* glyphicons_018_note.png in Resources */,
				F872F76F1630A88D00C814DF /* green_button.png in Resources */,
				F872F7701630A88D00C814DF /* red_button.png in Resources */,
				F872F7721630B4E600C814DF /* oscilloscope.png in Resources */,
				F872F7EE1632FA4B00C814DF /* acid00-0.mp3 in Resources */,
				F872F7EF1632FA4B00C814DF /* acid00-1.mp3 in Resources */,
				F872F7F01632FA4B00C814DF /* acid00-2.mp3 in Resources */,
				F872F7F11632FA4B00C814DF /* acid00-3.mp3 in Resources */,
				F872F7F21632FA4B00C814DF /* blues00-0.mp3 in Resources */,
				F872F7F31632FA4B00C814DF /* blues00-1.mp3 in Resources */,
				F872F7F41632FA4B00C814DF /* blues00-2.mp3 in Resources */,
				F872F7F51632FA4B00C814DF /* blues00-3.mp3 in Resources */,
				F872F7F61632FA4B00C814DF /* meihana00-0.mp3 in Resources */,
				F872F7F71632FA4B00C814DF /* meihana00-1.wav in Resources */,
				F872F7F81632FA4B00C814DF /* meihana00-2.wav in Resources */,
				F872F7F91632FA4B00C814DF /* meihana00-3.wav in Resources */,
				F872F7FA1632FA4B00C814DF /* rap01-0.mp3 in Resources */,
				F872F7FB1632FA4B00C814DF /* rap01-1.mp3 in Resources */,
				F872F7FC1632FA4B00C814DF /* rap01-2.mp3 in Resources */,
				F872F7FD1632FA4B00C814DF /* rap01-3.mp3 in Resources */,
				F872F7FE1632FA4B00C814DF /* rap02-0.mp3 in Resources */,
				F872F7FF1632FA4B00C814DF /* rap02-1.mp3 in Resources */,
				F872F8001632FA4B00C814DF /* rap02-2.mp3 in Resources */,
				F872F8011632FA4B00C814DF /* rap02-3.mp3 in Resources */,
				F872F8021632FA4B00C814DF /* rap03-0.mp3 in Resources */,
				F872F8031632FA4B00C814DF /* rap03-1.mp3 in Resources */,
				F872F8041632FA4B00C814DF /* rap03-2.mp3 in Resources */,
				F872F8051632FA4B00C814DF /* rap03-3.mp3 in Resources */,
			);
			runOnlyForDeploymentPostprocessing = 0;
		};
/* End PBXResourcesBuildPhase section */

/* Begin PBXSourcesBuildPhase section */
		F872F70716306E0900C814DF /* Sources */ = {
			isa = PBXSourcesBuildPhase;
			buildActionMask = 2147483647;
			files = (
				F872F71C16306E0900C814DF /* main.m in Sources */,
				F872F72016306E0900C814DF /* nbAppDelegate.m in Sources */,
				F872F72F16306E0A00C814DF /* nbViewController.m in Sources */,
				F872F74916308AE400C814DF /* nbSkeletonModel.m in Sources */,
				F872F76616308ED800C814DF /* nbSkeletonTableViewController.m in Sources */,
				F872F76C1630A75C00C814DF /* nbRecorderViewController.m in Sources */,
				F872F7B31631538600C814DF /* SNFCoreAudioUtils.c in Sources */,
				F872F7B41631538600C814DF /* TPCircularBuffer.c in Sources */,
				F872F7B7163153CB00C814DF /* MixerHostAudio.m in Sources */,
				F872F7C51631568D00C814DF /* smbPitchShift.m in Sources */,
			);
			runOnlyForDeploymentPostprocessing = 0;
		};
/* End PBXSourcesBuildPhase section */

/* Begin PBXVariantGroup section */
		F872F71816306E0900C814DF /* InfoPlist.strings */ = {
			isa = PBXVariantGroup;
			children = (
				F872F71916306E0900C814DF /* en */,
			);
			name = InfoPlist.strings;
			sourceTree = "<group>";
		};
		F872F72716306E0A00C814DF /* MainStoryboard_iPhone.storyboard */ = {
			isa = PBXVariantGroup;
			children = (
				F872F72816306E0A00C814DF /* en */,
			);
			name = MainStoryboard_iPhone.storyboard;
			sourceTree = "<group>";
		};
		F872F72A16306E0A00C814DF /* MainStoryboard_iPad.storyboard */ = {
			isa = PBXVariantGroup;
			children = (
				F872F72B16306E0A00C814DF /* en */,
			);
			name = MainStoryboard_iPad.storyboard;
			sourceTree = "<group>";
		};
/* End PBXVariantGroup section */

/* Begin XCBuildConfiguration section */
		F872F73016306E0A00C814DF /* Debug */ = {
			isa = XCBuildConfiguration;
			buildSettings = {
				ALWAYS_SEARCH_USER_PATHS = NO;
				CLANG_CXX_LANGUAGE_STANDARD = "gnu++0x";
				CLANG_CXX_LIBRARY = "libc++";
				CLANG_ENABLE_OBJC_ARC = YES;
				CLANG_WARN_EMPTY_BODY = YES;
				CLANG_WARN__DUPLICATE_METHOD_MATCH = YES;
				"CODE_SIGN_IDENTITY[sdk=iphoneos*]" = "iPhone Developer";
				COPY_PHASE_STRIP = NO;
				GCC_C_LANGUAGE_STANDARD = gnu99;
				GCC_DYNAMIC_NO_PIC = NO;
				GCC_OPTIMIZATION_LEVEL = 0;
				GCC_PREPROCESSOR_DEFINITIONS = (
					"DEBUG=1",
					"$(inherited)",
				);
				GCC_SYMBOLS_PRIVATE_EXTERN = NO;
				GCC_WARN_ABOUT_RETURN_TYPE = YES;
				GCC_WARN_UNINITIALIZED_AUTOS = YES;
				GCC_WARN_UNUSED_VARIABLE = YES;
				IPHONEOS_DEPLOYMENT_TARGET = 6.0;
				ONLY_ACTIVE_ARCH = YES;
				SDKROOT = iphoneos;
				TARGETED_DEVICE_FAMILY = "1,2";
			};
			name = Debug;
		};
		F872F73116306E0A00C814DF /* Release */ = {
			isa = XCBuildConfiguration;
			buildSettings = {
				ALWAYS_SEARCH_USER_PATHS = NO;
				CLANG_CXX_LANGUAGE_STANDARD = "gnu++0x";
				CLANG_CXX_LIBRARY = "libc++";
				CLANG_ENABLE_OBJC_ARC = YES;
				CLANG_WARN_EMPTY_BODY = YES;
				CLANG_WARN__DUPLICATE_METHOD_MATCH = YES;
				"CODE_SIGN_IDENTITY[sdk=iphoneos*]" = "iPhone Developer";
				COPY_PHASE_STRIP = YES;
				GCC_C_LANGUAGE_STANDARD = gnu99;
				GCC_WARN_ABOUT_RETURN_TYPE = YES;
				GCC_WARN_UNINITIALIZED_AUTOS = YES;
				GCC_WARN_UNUSED_VARIABLE = YES;
				IPHONEOS_DEPLOYMENT_TARGET = 6.0;
				OTHER_CFLAGS = "-DNS_BLOCK_ASSERTIONS=1";
				SDKROOT = iphoneos;
				TARGETED_DEVICE_FAMILY = "1,2";
				VALIDATE_PRODUCT = YES;
			};
			name = Release;
		};
		F872F73316306E0A00C814DF /* Debug */ = {
			isa = XCBuildConfiguration;
			buildSettings = {
				GCC_PRECOMPILE_PREFIX_HEADER = YES;
				GCC_PREFIX_HEADER = "nb-proto1/nb-proto1-Prefix.pch";
				INFOPLIST_FILE = "nb-proto1/nb-proto1-Info.plist";
				IPHONEOS_DEPLOYMENT_TARGET = 5.1;
				PRODUCT_NAME = "$(TARGET_NAME)";
				WRAPPER_EXTENSION = app;
			};
			name = Debug;
		};
		F872F73416306E0A00C814DF /* Release */ = {
			isa = XCBuildConfiguration;
			buildSettings = {
				GCC_PRECOMPILE_PREFIX_HEADER = YES;
				GCC_PREFIX_HEADER = "nb-proto1/nb-proto1-Prefix.pch";
				INFOPLIST_FILE = "nb-proto1/nb-proto1-Info.plist";
				IPHONEOS_DEPLOYMENT_TARGET = 5.1;
				PRODUCT_NAME = "$(TARGET_NAME)";
				WRAPPER_EXTENSION = app;
			};
			name = Release;
		};
/* End XCBuildConfiguration section */

/* Begin XCConfigurationList section */
		F872F70516306E0900C814DF /* Build configuration list for PBXProject "nb-proto1" */ = {
			isa = XCConfigurationList;
			buildConfigurations = (
				F872F73016306E0A00C814DF /* Debug */,
				F872F73116306E0A00C814DF /* Release */,
			);
			defaultConfigurationIsVisible = 0;
			defaultConfigurationName = Release;
		};
		F872F73216306E0A00C814DF /* Build configuration list for PBXNativeTarget "nb-proto1" */ = {
			isa = XCConfigurationList;
			buildConfigurations = (
				F872F73316306E0A00C814DF /* Debug */,
				F872F73416306E0A00C814DF /* Release */,
			);
			defaultConfigurationIsVisible = 0;
		};
/* End XCConfigurationList section */
	};
	rootObject = F872F70216306E0900C814DF /* Project object */;
}
